
Microsoft Visual Studio Solution File, Format Version 12.00
# Visual Studio 15
VisualStudioVersion = 15.0.28307.1082
MinimumVisualStudioVersion = 10.0.40219.1
Project("{FAE04EC0-301F-11D3-BF4B-00C04F79EFBC}") = "AlmacenEnvio", "AlmacenEnvio\AlmacenEnvio.csproj", "{24ACCC9B-9309-40D6-8341-510FD71EB69D}"
EndProject
Global
	GlobalSection(SolutionConfigurationPlatforms) = preSolution
		Debug|Any CPU = Debug|Any CPU
		Release|Any CPU = Release|Any CPU
	EndGlobalSection
	GlobalSection(ProjectConfigurationPlatforms) = postSolution
		{24ACCC9B-9309-40D6-8341-510FD71EB69D}.Debug|Any CPU.ActiveCfg = Debug|Any CPU
		{24ACCC9B-9309-40D6-8341-510FD71EB69D}.Debug|Any CPU.Build.0 = Debug|Any CPU
		{24ACCC9B-9309-40D6-8341-510FD71EB69D}.Release|Any CPU.ActiveCfg = Release|Any CPU
		{24ACCC9B-9309-40D6-8341-510FD71EB69D}.Release|Any CPU.Build.0 = Release|Any CPU
	EndGlobalSection
	GlobalSection(SolutionProperties) = preSolution
		HideSolutionNode = FALSE
	EndGlobalSection
	GlobalSection(ExtensibilityGlobals) = postSolution
		SolutionGuid = {017F347A-59F1-415F-B234-DD78E0D1CCA3}
	EndGlobalSection
EndGlobal
