
Microsoft Visual Studio Solution File, Format Version 12.00
# Visual Studio 15
VisualStudioVersion = 15.0.28307.779
MinimumVisualStudioVersion = 10.0.40219.1
Project("{FAE04EC0-301F-11D3-BF4B-00C04F79EFBC}") = "Final-Ecommerce", "Final-Ecommerce\Final-Ecommerce.csproj", "{A8F89CCA-1BC0-49BD-B07D-AF464D61F73F}"
EndProject
Global
	GlobalSection(SolutionConfigurationPlatforms) = preSolution
		Debug|Any CPU = Debug|Any CPU
		Release|Any CPU = Release|Any CPU
	EndGlobalSection
	GlobalSection(ProjectConfigurationPlatforms) = postSolution
		{A8F89CCA-1BC0-49BD-B07D-AF464D61F73F}.Debug|Any CPU.ActiveCfg = Debug|Any CPU
		{A8F89CCA-1BC0-49BD-B07D-AF464D61F73F}.Debug|Any CPU.Build.0 = Debug|Any CPU
		{A8F89CCA-1BC0-49BD-B07D-AF464D61F73F}.Release|Any CPU.ActiveCfg = Release|Any CPU
		{A8F89CCA-1BC0-49BD-B07D-AF464D61F73F}.Release|Any CPU.Build.0 = Release|Any CPU
	EndGlobalSection
	GlobalSection(SolutionProperties) = preSolution
		HideSolutionNode = FALSE
	EndGlobalSection
	GlobalSection(ExtensibilityGlobals) = postSolution
		SolutionGuid = {928BFCC8-E686-4E83-AE57-200861AF27FC}
	EndGlobalSection
EndGlobal
